
Microsoft Visual Studio Solution File, Format Version 12.00
# Visual Studio 15
VisualStudioVersion = 15.0.28010.2003
MinimumVisualStudioVersion = 10.0.40219.1
Project("{FAE04EC0-301F-11D3-BF4B-00C04F79EFBC}") = "Producer", "Producer\Producer.csproj", "{8D98F278-6B15-41F0-B524-86FF1C6257FE}"
EndProject
Global
	GlobalSection(SolutionConfigurationPlatforms) = preSolution
		Debug|Any CPU = Debug|Any CPU
		Release|Any CPU = Release|Any CPU
	EndGlobalSection
	GlobalSection(ProjectConfigurationPlatforms) = postSolution
		{8D98F278-6B15-41F0-B524-86FF1C6257FE}.Debug|Any CPU.ActiveCfg = Debug|Any CPU
		{8D98F278-6B15-41F0-B524-86FF1C6257FE}.Debug|Any CPU.Build.0 = Debug|Any CPU
		{8D98F278-6B15-41F0-B524-86FF1C6257FE}.Release|Any CPU.ActiveCfg = Release|Any CPU
		{8D98F278-6B15-41F0-B524-86FF1C6257FE}.Release|Any CPU.Build.0 = Release|Any CPU
	EndGlobalSection
	GlobalSection(SolutionProperties) = preSolution
		HideSolutionNode = FALSE
	EndGlobalSection
	GlobalSection(ExtensibilityGlobals) = postSolution
		SolutionGuid = {C7BE8358-0EE1-4978-BF6A-DEE25344A7BE}
	EndGlobalSection
EndGlobal
